
Microsoft Visual Studio Solution File, Format Version 12.00
# Visual Studio Version 17
VisualStudioVersion = 17.3.32825.248
MinimumVisualStudioVersion = 10.0.40219.1
Project("{FAE04EC0-301F-11D3-BF4B-00C04F79EFBC}") = "Projektmunka", "Projektmunka.csproj", "{53F1B67E-74B1-4B4F-BD8D-CA36E71FE0FA}"
EndProject
Global
	GlobalSection(SolutionConfigurationPlatforms) = preSolution
		Debug|Any CPU = Debug|Any CPU
		Release|Any CPU = Release|Any CPU
	EndGlobalSection
	GlobalSection(ProjectConfigurationPlatforms) = postSolution
		{53F1B67E-74B1-4B4F-BD8D-CA36E71FE0FA}.Debug|Any CPU.ActiveCfg = Debug|Any CPU
		{53F1B67E-74B1-4B4F-BD8D-CA36E71FE0FA}.Debug|Any CPU.Build.0 = Debug|Any CPU
		{53F1B67E-74B1-4B4F-BD8D-CA36E71FE0FA}.Release|Any CPU.ActiveCfg = Release|Any CPU
		{53F1B67E-74B1-4B4F-BD8D-CA36E71FE0FA}.Release|Any CPU.Build.0 = Release|Any CPU
	EndGlobalSection
	GlobalSection(SolutionProperties) = preSolution
		HideSolutionNode = FALSE
	EndGlobalSection
	GlobalSection(ExtensibilityGlobals) = postSolution
		SolutionGuid = {E374186C-222D-42F6-B286-44375B095FD1}
	EndGlobalSection
EndGlobal
